
Microsoft Visual Studio Solution File, Format Version 12.00
# Visual Studio Version 17
VisualStudioVersion = 17.7.34031.279
MinimumVisualStudioVersion = 10.0.40219.1
Project("{FAE04EC0-301F-11D3-BF4B-00C04F79EFBC}") = "Reactivities.API", "Reactivities.API\Reactivities.API.csproj", "{819518BF-BCAB-443C-AB06-8E8667F7AF61}"
EndProject
Project("{FAE04EC0-301F-11D3-BF4B-00C04F79EFBC}") = "Reactivities.Application", "Reactivities.Application\Reactivities.Application.csproj", "{8C46F487-B45A-439F-801C-9F86818C2B7A}"
EndProject
Project("{FAE04EC0-301F-11D3-BF4B-00C04F79EFBC}") = "Reactivities.Domain", "Reactivities.Domain\Reactivities.Domain.csproj", "{72242B90-680A-4E68-B794-3E212A0037DB}"
EndProject
Project("{FAE04EC0-301F-11D3-BF4B-00C04F79EFBC}") = "Reactivities.Persistence", "Reactivities.Persistence\Reactivities.Persistence.csproj", "{D4BDA40A-FDE7-4551-A4C7-602FFCE8558C}"
EndProject
Global
	GlobalSection(SolutionConfigurationPlatforms) = preSolution
		Debug|Any CPU = Debug|Any CPU
		Release|Any CPU = Release|Any CPU
	EndGlobalSection
	GlobalSection(ProjectConfigurationPlatforms) = postSolution
		{819518BF-BCAB-443C-AB06-8E8667F7AF61}.Debug|Any CPU.ActiveCfg = Debug|Any CPU
		{819518BF-BCAB-443C-AB06-8E8667F7AF61}.Debug|Any CPU.Build.0 = Debug|Any CPU
		{819518BF-BCAB-443C-AB06-8E8667F7AF61}.Release|Any CPU.ActiveCfg = Release|Any CPU
		{819518BF-BCAB-443C-AB06-8E8667F7AF61}.Release|Any CPU.Build.0 = Release|Any CPU
		{8C46F487-B45A-439F-801C-9F86818C2B7A}.Debug|Any CPU.ActiveCfg = Debug|Any CPU
		{8C46F487-B45A-439F-801C-9F86818C2B7A}.Debug|Any CPU.Build.0 = Debug|Any CPU
		{8C46F487-B45A-439F-801C-9F86818C2B7A}.Release|Any CPU.ActiveCfg = Release|Any CPU
		{8C46F487-B45A-439F-801C-9F86818C2B7A}.Release|Any CPU.Build.0 = Release|Any CPU
		{72242B90-680A-4E68-B794-3E212A0037DB}.Debug|Any CPU.ActiveCfg = Debug|Any CPU
		{72242B90-680A-4E68-B794-3E212A0037DB}.Debug|Any CPU.Build.0 = Debug|Any CPU
		{72242B90-680A-4E68-B794-3E212A0037DB}.Release|Any CPU.ActiveCfg = Release|Any CPU
		{72242B90-680A-4E68-B794-3E212A0037DB}.Release|Any CPU.Build.0 = Release|Any CPU
		{D4BDA40A-FDE7-4551-A4C7-602FFCE8558C}.Debug|Any CPU.ActiveCfg = Debug|Any CPU
		{D4BDA40A-FDE7-4551-A4C7-602FFCE8558C}.Debug|Any CPU.Build.0 = Debug|Any CPU
		{D4BDA40A-FDE7-4551-A4C7-602FFCE8558C}.Release|Any CPU.ActiveCfg = Release|Any CPU
		{D4BDA40A-FDE7-4551-A4C7-602FFCE8558C}.Release|Any CPU.Build.0 = Release|Any CPU
	EndGlobalSection
	GlobalSection(SolutionProperties) = preSolution
		HideSolutionNode = FALSE
	EndGlobalSection
	GlobalSection(ExtensibilityGlobals) = postSolution
		SolutionGuid = {A4C56A58-4679-40EB-8AED-701304934085}
	EndGlobalSection
EndGlobal
